{
  "lockfileVersion": 1,
  "configVersion": 0,
  "workspaces": {
    "": {
      "dependencies": {
        "@qlairoslabs/acp-client": "^0.1.0",
      },
      "devDependencies": {
        "@types/bun": "latest",
      },
      "peerDependencies": {
        "typescript": "^5",
      },
    },
  },
  "packages": {
    "@agentclientprotocol/sdk": ["@agentclientprotocol/sdk@0.25.1", "", { "peerDependencies": { "zod": "^3.25.0 || ^4.0.0" } }, "sha512-jx2rF3bdpGwZ75Q/meyEDLLbYmbtxk82Uh9hDCdxDvcEedBnNSF5hZAnL/kJR5VNz56JqwOmqnAqasC84MwwkQ=="],

    "@qlairoslabs/acp-client": ["@qlairoslabs/acp-client@0.1.0", "", { "dependencies": { "@agentclientprotocol/sdk": "0.25.1", "@xterm/headless": "^6.0.0" }, "bin": { "acp-client": "src/cli/index.ts" } }, "sha512-l5MD5JHJEHcpJ9oeXww6afFw7dJ+TnCKz3Hg2Zgl5efbMWWJ3+q6EaSN7yW6O7aAszJQsKXRz8013J44G1odaw=="],

    "@types/bun": ["@types/bun@1.3.14", "", { "dependencies": { "bun-types": "1.3.14" } }, "sha512-h1hFqFVcvAvD9j9K7ZW7vd82aSA+rTdznZa+5bwvCwqSB1jmmfLcbIWhOLx1/+boy/xmjgCs/OMUL8hRJSmnPw=="],

    "@types/node": ["@types/node@26.0.1", "", { "dependencies": { "undici-types": "~8.3.0" } }, "sha512-fc3KiUoBt6kie0N9bIW3E47vZsuaMf0PM2AaUpLCLT0s/LvX1nxAim6Fc049cNxODPpGm6qRAuUOB86SkRuPQw=="],

    "@xterm/headless": ["@xterm/headless@6.0.0", "", {}, "sha512-5Yj1QINYCyzrZtf8OFIHi47iQtI+0qYFPHmouEfG8dHNxbZ9Tb9YGSuLcsEwj9Z+OL75GJqPyJbyoFer80a2Hw=="],

    "bun-types": ["bun-types@1.3.14", "", { "dependencies": { "@types/node": "*" } }, "sha512-4N0ig0fEomHt5R0KCFWjovxow98rIoRwKolrYdCcknNwMekCXRnWEUvgu5soYV8QXtVsrUD8B95MBOZGPvr6KQ=="],

    "typescript": ["typescript@5.9.3", "", { "bin": { "tsc": "bin/tsc", "tsserver": "bin/tsserver" } }, "sha512-jl1vZzPDinLr9eUt3J/t7V6FgNEw9QjvBPdysz9KfQDD41fQrC2Y4vKQdiaUpFT4bXlb1RHhLpp8wtm6M5TgSw=="],

    "undici-types": ["undici-types@8.3.0", "", {}, "sha512-j375ScV60dom+YkPFIfTLcOiPxkN/buHz5GobjLhixFuANaNs3C9l4GmrWqejgXWJ7BbJcFYpTEUkS1Ge8bpZQ=="],

    "zod": ["zod@4.4.3", "", {}, "sha512-ytENFjIJFl2UwYglde2jchW2Hwm4GJFLDiSXWdTrJQBIN9Fcyp7n4DhxJEiWNAJMV1/BqWfW/kkg71UDcHJyTQ=="],
  }
}
